
Microsoft Visual Studio Solution File, Format Version 12.00
# Visual Studio Version 16
VisualStudioVersion = 16.0.31229.75
MinimumVisualStudioVersion = 10.0.40219.1
Project("{9A19103F-16F7-4668-BE54-9A1E7A4F7556}") = "ScreenTracker", "ScreenTracker\ScreenTracker.csproj", "{151DC018-D08E-4E16-9CD5-2D1A384A2E81}"
EndProject
Global
	GlobalSection(SolutionConfigurationPlatforms) = preSolution
		Debug|Any CPU = Debug|Any CPU
		Release|Any CPU = Release|Any CPU
	EndGlobalSection
	GlobalSection(ProjectConfigurationPlatforms) = postSolution
		{151DC018-D08E-4E16-9CD5-2D1A384A2E81}.Debug|Any CPU.ActiveCfg = Debug|Any CPU
		{151DC018-D08E-4E16-9CD5-2D1A384A2E81}.Debug|Any CPU.Build.0 = Debug|Any CPU
		{151DC018-D08E-4E16-9CD5-2D1A384A2E81}.Release|Any CPU.ActiveCfg = Release|Any CPU
		{151DC018-D08E-4E16-9CD5-2D1A384A2E81}.Release|Any CPU.Build.0 = Release|Any CPU
	EndGlobalSection
	GlobalSection(SolutionProperties) = preSolution
		HideSolutionNode = FALSE
	EndGlobalSection
	GlobalSection(ExtensibilityGlobals) = postSolution
		SolutionGuid = {0B1DF5B5-E40F-4C6E-A1F8-7552345E7706}
	EndGlobalSection
EndGlobal
